
Microsoft Visual Studio Solution File, Format Version 12.00
# Visual Studio Version 17
VisualStudioVersion = 17.7.34031.279
MinimumVisualStudioVersion = 10.0.40219.1
Project("{9A19103F-16F7-4668-BE54-9A1E7A4F7556}") = "Lesson_01", "Lesson_01\Lesson_01.csproj", "{A6604035-EBCE-45A6-AD23-FA6B19D625B4}"
EndProject
Project("{9A19103F-16F7-4668-BE54-9A1E7A4F7556}") = "Lesson_01_01", "Lesson_01_01\Lesson_01_01.csproj", "{E3C46002-DD94-40C6-9BD5-D09181947875}"
EndProject
Project("{9A19103F-16F7-4668-BE54-9A1E7A4F7556}") = "Lesson_02", "Lesson_02\Lesson_02.csproj", "{8DCD0FFA-E19F-4FEC-9663-0BC693166BF1}"
EndProject
Project("{9A19103F-16F7-4668-BE54-9A1E7A4F7556}") = "Lesson_02_01", "Lesson_02_01\Lesson_02_01.csproj", "{E2AD1F39-D99C-410C-AA38-54D8DC6D19B4}"
EndProject
Project("{9A19103F-16F7-4668-BE54-9A1E7A4F7556}") = "Lesson_03", "Lesson_03\Lesson_03.csproj", "{008D28D5-C567-4DB5-B0CD-EC4F17FB1390}"
EndProject
Project("{9A19103F-16F7-4668-BE54-9A1E7A4F7556}") = "Lesson_03_01", "Lesson_03_01\Lesson_03_01.csproj", "{D1E207B0-951A-4589-8C65-5DBB7684D055}"
EndProject
Project("{9A19103F-16F7-4668-BE54-9A1E7A4F7556}") = "Lesson_04", "Lesson_04\Lesson_04.csproj", "{46DAEBAA-0CB1-4623-A1E2-B39C3F20E19F}"
EndProject
Project("{9A19103F-16F7-4668-BE54-9A1E7A4F7556}") = "Lesson_04_01", "Lesson_04_01\Lesson_04_01.csproj", "{6796C3DF-6B39-4364-9E1E-69CFE749E2C6}"
EndProject
Project("{9A19103F-16F7-4668-BE54-9A1E7A4F7556}") = "Lesson_04_02", "Lesson_04_02\Lesson_04_02.csproj", "{B324C53B-F7A6-410F-B647-959401536E45}"
EndProject
Project("{9A19103F-16F7-4668-BE54-9A1E7A4F7556}") = "Lesson_03_02", "Lesson_03_02\Lesson_03_02.csproj", "{1554434B-4FCE-47F3-B390-444694CACBE2}"
EndProject
Project("{9A19103F-16F7-4668-BE54-9A1E7A4F7556}") = "Lesson_05", "Lesson_05\Lesson_05.csproj", "{7D6599F3-4ECB-4F5D-B91A-5A1CD2843517}"
EndProject
Project("{9A19103F-16F7-4668-BE54-9A1E7A4F7556}") = "Lesson_05_01", "Lesson_05_01\Lesson_05_01.csproj", "{A28AEDD6-1FC5-4FE4-A002-5C3271D8AEDB}"
EndProject
Project("{9A19103F-16F7-4668-BE54-9A1E7A4F7556}") = "Lesson_06", "Lesson_06\Lesson_06.csproj", "{C37ECEB8-7D9E-4F42-92CD-766E1FFD03E7}"
EndProject
Project("{9A19103F-16F7-4668-BE54-9A1E7A4F7556}") = "Lesson_06_01", "Lesson_06_01\Lesson_06_01.csproj", "{4716B98C-46B4-4DAB-A33F-C607DB771E5B}"
EndProject
Project("{9A19103F-16F7-4668-BE54-9A1E7A4F7556}") = "Lesson_07", "Lesson_07\Lesson_07.csproj", "{ADA2B460-5796-453D-8299-26FEF52CFC3A}"
EndProject
Project("{9A19103F-16F7-4668-BE54-9A1E7A4F7556}") = "Lesson_08", "Lesson_08\Lesson_08.csproj", "{EF392AE3-496E-4ABD-8F14-68CC351F291F}"
EndProject
Project("{9A19103F-16F7-4668-BE54-9A1E7A4F7556}") = "Lesson_08_01", "Lesson_08_01\Lesson_08_01.csproj", "{B2A43BC9-C6C4-41BA-B5B8-2F29A92BF24B}"
EndProject
Project("{9A19103F-16F7-4668-BE54-9A1E7A4F7556}") = "Lesson_09", "Lesson_09\Lesson_09.csproj", "{1D56F255-0F54-44AB-BA37-75158EDB06C8}"
EndProject
Project("{9A19103F-16F7-4668-BE54-9A1E7A4F7556}") = "Lesson_09_01", "Lesson_09_01\Lesson_09_01.csproj", "{1239C505-13ED-4730-8C75-488D4CAE3F23}"
EndProject
Project("{FAE04EC0-301F-11D3-BF4B-00C04F79EFBC}") = "Lesson_10", "Lesson_10\Lesson_10.csproj", "{D3A3B7D7-C61F-4F03-8A2D-3F52EEC8FEB3}"
EndProject
Global
	GlobalSection(SolutionConfigurationPlatforms) = preSolution
		Debug|Any CPU = Debug|Any CPU
		Release|Any CPU = Release|Any CPU
	EndGlobalSection
	GlobalSection(ProjectConfigurationPlatforms) = postSolution
		{A6604035-EBCE-45A6-AD23-FA6B19D625B4}.Debug|Any CPU.ActiveCfg = Debug|Any CPU
		{A6604035-EBCE-45A6-AD23-FA6B19D625B4}.Debug|Any CPU.Build.0 = Debug|Any CPU
		{A6604035-EBCE-45A6-AD23-FA6B19D625B4}.Release|Any CPU.ActiveCfg = Release|Any CPU
		{A6604035-EBCE-45A6-AD23-FA6B19D625B4}.Release|Any CPU.Build.0 = Release|Any CPU
		{E3C46002-DD94-40C6-9BD5-D09181947875}.Debug|Any CPU.ActiveCfg = Debug|Any CPU
		{E3C46002-DD94-40C6-9BD5-D09181947875}.Debug|Any CPU.Build.0 = Debug|Any CPU
		{E3C46002-DD94-40C6-9BD5-D09181947875}.Release|Any CPU.ActiveCfg = Release|Any CPU
		{E3C46002-DD94-40C6-9BD5-D09181947875}.Release|Any CPU.Build.0 = Release|Any CPU
		{8DCD0FFA-E19F-4FEC-9663-0BC693166BF1}.Debug|Any CPU.ActiveCfg = Debug|Any CPU
		{8DCD0FFA-E19F-4FEC-9663-0BC693166BF1}.Debug|Any CPU.Build.0 = Debug|Any CPU
		{8DCD0FFA-E19F-4FEC-9663-0BC693166BF1}.Release|Any CPU.ActiveCfg = Release|Any CPU
		{8DCD0FFA-E19F-4FEC-9663-0BC693166BF1}.Release|Any CPU.Build.0 = Release|Any CPU
		{E2AD1F39-D99C-410C-AA38-54D8DC6D19B4}.Debug|Any CPU.ActiveCfg = Debug|Any CPU
		{E2AD1F39-D99C-410C-AA38-54D8DC6D19B4}.Debug|Any CPU.Build.0 = Debug|Any CPU
		{E2AD1F39-D99C-410C-AA38-54D8DC6D19B4}.Release|Any CPU.ActiveCfg = Release|Any CPU
		{E2AD1F39-D99C-410C-AA38-54D8DC6D19B4}.Release|Any CPU.Build.0 = Release|Any CPU
		{008D28D5-C567-4DB5-B0CD-EC4F17FB1390}.Debug|Any CPU.ActiveCfg = Debug|Any CPU
		{008D28D5-C567-4DB5-B0CD-EC4F17FB1390}.Debug|Any CPU.Build.0 = Debug|Any CPU
		{008D28D5-C567-4DB5-B0CD-EC4F17FB1390}.Release|Any CPU.ActiveCfg = Release|Any CPU
		{008D28D5-C567-4DB5-B0CD-EC4F17FB1390}.Release|Any CPU.Build.0 = Release|Any CPU
		{D1E207B0-951A-4589-8C65-5DBB7684D055}.Debug|Any CPU.ActiveCfg = Debug|Any CPU
		{D1E207B0-951A-4589-8C65-5DBB7684D055}.Debug|Any CPU.Build.0 = Debug|Any CPU
		{D1E207B0-951A-4589-8C65-5DBB7684D055}.Release|Any CPU.ActiveCfg = Release|Any CPU
		{D1E207B0-951A-4589-8C65-5DBB7684D055}.Release|Any CPU.Build.0 = Release|Any CPU
		{46DAEBAA-0CB1-4623-A1E2-B39C3F20E19F}.Debug|Any CPU.ActiveCfg = Debug|Any CPU
		{46DAEBAA-0CB1-4623-A1E2-B39C3F20E19F}.Debug|Any CPU.Build.0 = Debug|Any CPU
		{46DAEBAA-0CB1-4623-A1E2-B39C3F20E19F}.Release|Any CPU.ActiveCfg = Release|Any CPU
		{46DAEBAA-0CB1-4623-A1E2-B39C3F20E19F}.Release|Any CPU.Build.0 = Release|Any CPU
		{6796C3DF-6B39-4364-9E1E-69CFE749E2C6}.Debug|Any CPU.ActiveCfg = Debug|Any CPU
		{6796C3DF-6B39-4364-9E1E-69CFE749E2C6}.Debug|Any CPU.Build.0 = Debug|Any CPU
		{6796C3DF-6B39-4364-9E1E-69CFE749E2C6}.Release|Any CPU.ActiveCfg = Release|Any CPU
		{6796C3DF-6B39-4364-9E1E-69CFE749E2C6}.Release|Any CPU.Build.0 = Release|Any CPU
		{B324C53B-F7A6-410F-B647-959401536E45}.Debug|Any CPU.ActiveCfg = Debug|Any CPU
		{B324C53B-F7A6-410F-B647-959401536E45}.Debug|Any CPU.Build.0 = Debug|Any CPU
		{B324C53B-F7A6-410F-B647-959401536E45}.Release|Any CPU.ActiveCfg = Release|Any CPU
		{B324C53B-F7A6-410F-B647-959401536E45}.Release|Any CPU.Build.0 = Release|Any CPU
		{1554434B-4FCE-47F3-B390-444694CACBE2}.Debug|Any CPU.ActiveCfg = Debug|Any CPU
		{1554434B-4FCE-47F3-B390-444694CACBE2}.Debug|Any CPU.Build.0 = Debug|Any CPU
		{1554434B-4FCE-47F3-B390-444694CACBE2}.Release|Any CPU.ActiveCfg = Release|Any CPU
		{1554434B-4FCE-47F3-B390-444694CACBE2}.Release|Any CPU.Build.0 = Release|Any CPU
		{7D6599F3-4ECB-4F5D-B91A-5A1CD2843517}.Debug|Any CPU.ActiveCfg = Debug|Any CPU
		{7D6599F3-4ECB-4F5D-B91A-5A1CD2843517}.Debug|Any CPU.Build.0 = Debug|Any CPU
		{7D6599F3-4ECB-4F5D-B91A-5A1CD2843517}.Release|Any CPU.ActiveCfg = Release|Any CPU
		{7D6599F3-4ECB-4F5D-B91A-5A1CD2843517}.Release|Any CPU.Build.0 = Release|Any CPU
		{A28AEDD6-1FC5-4FE4-A002-5C3271D8AEDB}.Debug|Any CPU.ActiveCfg = Debug|Any CPU
		{A28AEDD6-1FC5-4FE4-A002-5C3271D8AEDB}.Debug|Any CPU.Build.0 = Debug|Any CPU
		{A28AEDD6-1FC5-4FE4-A002-5C3271D8AEDB}.Release|Any CPU.ActiveCfg = Release|Any CPU
		{A28AEDD6-1FC5-4FE4-A002-5C3271D8AEDB}.Release|Any CPU.Build.0 = Release|Any CPU
		{C37ECEB8-7D9E-4F42-92CD-766E1FFD03E7}.Debug|Any CPU.ActiveCfg = Debug|Any CPU
		{C37ECEB8-7D9E-4F42-92CD-766E1FFD03E7}.Debug|Any CPU.Build.0 = Debug|Any CPU
		{C37ECEB8-7D9E-4F42-92CD-766E1FFD03E7}.Release|Any CPU.ActiveCfg = Release|Any CPU
		{C37ECEB8-7D9E-4F42-92CD-766E1FFD03E7}.Release|Any CPU.Build.0 = Release|Any CPU
		{4716B98C-46B4-4DAB-A33F-C607DB771E5B}.Debug|Any CPU.ActiveCfg = Debug|Any CPU
		{4716B98C-46B4-4DAB-A33F-C607DB771E5B}.Debug|Any CPU.Build.0 = Debug|Any CPU
		{4716B98C-46B4-4DAB-A33F-C607DB771E5B}.Release|Any CPU.ActiveCfg = Release|Any CPU
		{4716B98C-46B4-4DAB-A33F-C607DB771E5B}.Release|Any CPU.Build.0 = Release|Any CPU
		{ADA2B460-5796-453D-8299-26FEF52CFC3A}.Debug|Any CPU.ActiveCfg = Debug|Any CPU
		{ADA2B460-5796-453D-8299-26FEF52CFC3A}.Debug|Any CPU.Build.0 = Debug|Any CPU
		{ADA2B460-5796-453D-8299-26FEF52CFC3A}.Release|Any CPU.ActiveCfg = Release|Any CPU
		{ADA2B460-5796-453D-8299-26FEF52CFC3A}.Release|Any CPU.Build.0 = Release|Any CPU
		{EF392AE3-496E-4ABD-8F14-68CC351F291F}.Debug|Any CPU.ActiveCfg = Debug|Any CPU
		{EF392AE3-496E-4ABD-8F14-68CC351F291F}.Debug|Any CPU.Build.0 = Debug|Any CPU
		{EF392AE3-496E-4ABD-8F14-68CC351F291F}.Release|Any CPU.ActiveCfg = Release|Any CPU
		{EF392AE3-496E-4ABD-8F14-68CC351F291F}.Release|Any CPU.Build.0 = Release|Any CPU
		{B2A43BC9-C6C4-41BA-B5B8-2F29A92BF24B}.Debug|Any CPU.ActiveCfg = Debug|Any CPU
		{B2A43BC9-C6C4-41BA-B5B8-2F29A92BF24B}.Debug|Any CPU.Build.0 = Debug|Any CPU
		{B2A43BC9-C6C4-41BA-B5B8-2F29A92BF24B}.Release|Any CPU.ActiveCfg = Release|Any CPU
		{B2A43BC9-C6C4-41BA-B5B8-2F29A92BF24B}.Release|Any CPU.Build.0 = Release|Any CPU
		{1D56F255-0F54-44AB-BA37-75158EDB06C8}.Debug|Any CPU.ActiveCfg = Debug|Any CPU
		{1D56F255-0F54-44AB-BA37-75158EDB06C8}.Debug|Any CPU.Build.0 = Debug|Any CPU
		{1D56F255-0F54-44AB-BA37-75158EDB06C8}.Release|Any CPU.ActiveCfg = Release|Any CPU
		{1D56F255-0F54-44AB-BA37-75158EDB06C8}.Release|Any CPU.Build.0 = Release|Any CPU
		{1239C505-13ED-4730-8C75-488D4CAE3F23}.Debug|Any CPU.ActiveCfg = Debug|Any CPU
		{1239C505-13ED-4730-8C75-488D4CAE3F23}.Debug|Any CPU.Build.0 = Debug|Any CPU
		{1239C505-13ED-4730-8C75-488D4CAE3F23}.Release|Any CPU.ActiveCfg = Release|Any CPU
		{1239C505-13ED-4730-8C75-488D4CAE3F23}.Release|Any CPU.Build.0 = Release|Any CPU
		{D3A3B7D7-C61F-4F03-8A2D-3F52EEC8FEB3}.Debug|Any CPU.ActiveCfg = Debug|Any CPU
		{D3A3B7D7-C61F-4F03-8A2D-3F52EEC8FEB3}.Debug|Any CPU.Build.0 = Debug|Any CPU
		{D3A3B7D7-C61F-4F03-8A2D-3F52EEC8FEB3}.Release|Any CPU.ActiveCfg = Release|Any CPU
		{D3A3B7D7-C61F-4F03-8A2D-3F52EEC8FEB3}.Release|Any CPU.Build.0 = Release|Any CPU
	EndGlobalSection
	GlobalSection(SolutionProperties) = preSolution
		HideSolutionNode = FALSE
	EndGlobalSection
	GlobalSection(ExtensibilityGlobals) = postSolution
		SolutionGuid = {84E6C5F4-B1D4-4BD6-8C1B-6A5B87F4B433}
	EndGlobalSection
EndGlobal
